// !$*UTF8*$!
{
	archiveVersion = 1;
	classes = {
	};
	objectVersion = 56;
	objects = {

/* Begin PBXBuildFile section */
		6D20B4972BBBFAF400680397 /* AppDelegate.swift in Sources */ = {isa = PBXBuildFile; fileRef = 6D20B4962BBBFAF400680397 /* AppDelegate.swift */; };
		6D20B4992BBBFAF400680397 /* SceneDelegate.swift in Sources */ = {isa = PBXBuildFile; fileRef = 6D20B4982BBBFAF400680397 /* SceneDelegate.swift */; };
		6D20B49B2BBBFAF400680397 /* DatagridTableViewController.swift in Sources */ = {isa = PBXBuildFile; fileRef = 6D20B49A2BBBFAF400680397 /* DatagridTableViewController.swift */; };
		6D20B49E2BBBFAF400680397 /* Base in Resources */ = {isa = PBXBuildFile; fileRef = 6D20B49D2BBBFAF400680397 /* Base */; };
		6D20B4A02BBBFAF500680397 /* Assets.xcassets in Resources */ = {isa = PBXBuildFile; fileRef = 6D20B49F2BBBFAF500680397 /* Assets.xcassets */; };
		6D20B4A32BBBFAF500680397 /* Base in Resources */ = {isa = PBXBuildFile; fileRef = 6D20B4A22BBBFAF500680397 /* Base */; };
		6D20B4AD2BBBFB5D00680397 /* InitialViewController.swift in Sources */ = {isa = PBXBuildFile; fileRef = 6D20B4AC2BBBFB5D00680397 /* InitialViewController.swift */; };
		6D20B4B12BBC095000680397 /* InitialViewController+DocumentPicker.swift in Sources */ = {isa = PBXBuildFile; fileRef = 6D20B4B02BBC095000680397 /* InitialViewController+DocumentPicker.swift */; };
		6D20B4B32BBC1BB000680397 /* String+CSV.swift in Sources */ = {isa = PBXBuildFile; fileRef = 6D20B4B22BBC1BB000680397 /* String+CSV.swift */; };
		6D20B4B52BBC1EDB00680397 /* Errors.swift in Sources */ = {isa = PBXBuildFile; fileRef = 6D20B4B42BBC1EDB00680397 /* Errors.swift */; };
		6D20B4B82BBC228400680397 /* DataItem.swift in Sources */ = {isa = PBXBuildFile; fileRef = 6D20B4B72BBC228400680397 /* DataItem.swift */; };
		6D20B4BA2BBC237400680397 /* String+Trim.swift in Sources */ = {isa = PBXBuildFile; fileRef = 6D20B4B92BBC237400680397 /* String+Trim.swift */; };
		6D20B4BD2BBC29D100680397 /* Date+String.swift in Sources */ = {isa = PBXBuildFile; fileRef = 6D20B4BC2BBC29D100680397 /* Date+String.swift */; };
		6D20B4BF2BBC2A2C00680397 /* InitialViewModel.swift in Sources */ = {isa = PBXBuildFile; fileRef = 6D20B4BE2BBC2A2C00680397 /* InitialViewModel.swift */; };
		6D20B4C12BBC4FDC00680397 /* Substring+Cast.swift in Sources */ = {isa = PBXBuildFile; fileRef = 6D20B4C02BBC4FDC00680397 /* Substring+Cast.swift */; };
		6D20B4C32BBC53C200680397 /* DatagridViewModel.swift in Sources */ = {isa = PBXBuildFile; fileRef = 6D20B4C22BBC53C200680397 /* DatagridViewModel.swift */; };
		6D20B4C52BBC575C00680397 /* DataGridTableViewCell.swift in Sources */ = {isa = PBXBuildFile; fileRef = 6D20B4C42BBC575C00680397 /* DataGridTableViewCell.swift */; };
		6D20B4C72BBC5A2D00680397 /* CSVProtocol.swift in Sources */ = {isa = PBXBuildFile; fileRef = 6D20B4C62BBC5A2D00680397 /* CSVProtocol.swift */; };
		6D20B4C92BBC5BCD00680397 /* DateFormatterMultiple.swift in Sources */ = {isa = PBXBuildFile; fileRef = 6D20B4C82BBC5BCD00680397 /* DateFormatterMultiple.swift */; };
		6D20B4CB2BBC648800680397 /* ProcessedDataItem.swift in Sources */ = {isa = PBXBuildFile; fileRef = 6D20B4CA2BBC648800680397 /* ProcessedDataItem.swift */; };
/* End PBXBuildFile section */

/* Begin PBXFileReference section */
		6D20B4932BBBFAF400680397 /* SirmaTask.app */ = {isa = PBXFileReference; explicitFileType = wrapper.application; includeInIndex = 0; path = SirmaTask.app; sourceTree = BUILT_PRODUCTS_DIR; };
		6D20B4962BBBFAF400680397 /* AppDelegate.swift */ = {isa = PBXFileReference; lastKnownFileType = sourcecode.swift; path = AppDelegate.swift; sourceTree = "<group>"; };
		6D20B4982BBBFAF400680397 /* SceneDelegate.swift */ = {isa = PBXFileReference; lastKnownFileType = sourcecode.swift; path = SceneDelegate.swift; sourceTree = "<group>"; };
		6D20B49A2BBBFAF400680397 /* DatagridTableViewController.swift */ = {isa = PBXFileReference; lastKnownFileType = sourcecode.swift; path = DatagridTableViewController.swift; sourceTree = "<group>"; };
		6D20B49D2BBBFAF400680397 /* Base */ = {isa = PBXFileReference; lastKnownFileType = file.storyboard; name = Base; path = Base.lproj/Main.storyboard; sourceTree = "<group>"; };
		6D20B49F2BBBFAF500680397 /* Assets.xcassets */ = {isa = PBXFileReference; lastKnownFileType = folder.assetcatalog; path = Assets.xcassets; sourceTree = "<group>"; };
		6D20B4A22BBBFAF500680397 /* Base */ = {isa = PBXFileReference; lastKnownFileType = file.storyboard; name = Base; path = Base.lproj/LaunchScreen.storyboard; sourceTree = "<group>"; };
		6D20B4A42BBBFAF500680397 /* Info.plist */ = {isa = PBXFileReference; lastKnownFileType = text.plist.xml; path = Info.plist; sourceTree = "<group>"; };
		6D20B4AC2BBBFB5D00680397 /* InitialViewController.swift */ = {isa = PBXFileReference; lastKnownFileType = sourcecode.swift; path = InitialViewController.swift; sourceTree = "<group>"; };
		6D20B4B02BBC095000680397 /* InitialViewController+DocumentPicker.swift */ = {isa = PBXFileReference; lastKnownFileType = sourcecode.swift; path = "InitialViewController+DocumentPicker.swift"; sourceTree = "<group>"; };
		6D20B4B22BBC1BB000680397 /* String+CSV.swift */ = {isa = PBXFileReference; lastKnownFileType = sourcecode.swift; path = "String+CSV.swift"; sourceTree = "<group>"; };
		6D20B4B42BBC1EDB00680397 /* Errors.swift */ = {isa = PBXFileReference; lastKnownFileType = sourcecode.swift; path = Errors.swift; sourceTree = "<group>"; };
		6D20B4B72BBC228400680397 /* DataItem.swift */ = {isa = PBXFileReference; lastKnownFileType = sourcecode.swift; path = DataItem.swift; sourceTree = "<group>"; };
		6D20B4B92BBC237400680397 /* String+Trim.swift */ = {isa = PBXFileReference; lastKnownFileType = sourcecode.swift; path = "String+Trim.swift"; sourceTree = "<group>"; };
		6D20B4BC2BBC29D100680397 /* Date+String.swift */ = {isa = PBXFileReference; lastKnownFileType = sourcecode.swift; path = "Date+String.swift"; sourceTree = "<group>"; };
		6D20B4BE2BBC2A2C00680397 /* InitialViewModel.swift */ = {isa = PBXFileReference; lastKnownFileType = sourcecode.swift; path = InitialViewModel.swift; sourceTree = "<group>"; };
		6D20B4C02BBC4FDC00680397 /* Substring+Cast.swift */ = {isa = PBXFileReference; lastKnownFileType = sourcecode.swift; path = "Substring+Cast.swift"; sourceTree = "<group>"; };
		6D20B4C22BBC53C200680397 /* DatagridViewModel.swift */ = {isa = PBXFileReference; lastKnownFileType = sourcecode.swift; path = DatagridViewModel.swift; sourceTree = "<group>"; };
		6D20B4C42BBC575C00680397 /* DataGridTableViewCell.swift */ = {isa = PBXFileReference; lastKnownFileType = sourcecode.swift; path = DataGridTableViewCell.swift; sourceTree = "<group>"; };
		6D20B4C62BBC5A2D00680397 /* CSVProtocol.swift */ = {isa = PBXFileReference; lastKnownFileType = sourcecode.swift; path = CSVProtocol.swift; sourceTree = "<group>"; };
		6D20B4C82BBC5BCD00680397 /* DateFormatterMultiple.swift */ = {isa = PBXFileReference; lastKnownFileType = sourcecode.swift; path = DateFormatterMultiple.swift; sourceTree = "<group>"; };
		6D20B4CA2BBC648800680397 /* ProcessedDataItem.swift */ = {isa = PBXFileReference; lastKnownFileType = sourcecode.swift; path = ProcessedDataItem.swift; sourceTree = "<group>"; };
/* End PBXFileReference section */

/* Begin PBXFrameworksBuildPhase section */
		6D20B4902BBBFAF400680397 /* Frameworks */ = {
			isa = PBXFrameworksBuildPhase;
			buildActionMask = 2147483647;
			files = (
			);
			runOnlyForDeploymentPostprocessing = 0;
		};
/* End PBXFrameworksBuildPhase section */

/* Begin PBXGroup section */
		6D20B48A2BBBFAF400680397 = {
			isa = PBXGroup;
			children = (
				6D20B4952BBBFAF400680397 /* SirmaTask */,
				6D20B4942BBBFAF400680397 /* Products */,
			);
			sourceTree = "<group>";
		};
		6D20B4942BBBFAF400680397 /* Products */ = {
			isa = PBXGroup;
			children = (
				6D20B4932BBBFAF400680397 /* SirmaTask.app */,
			);
			name = Products;
			sourceTree = "<group>";
		};
		6D20B4952BBBFAF400680397 /* SirmaTask */ = {
			isa = PBXGroup;
			children = (
				6D20B4AA2BBBFB1B00680397 /* View Controllers */,
				6D20B4B62BBC227400680397 /* Models */,
				6D20B4BB2BBC242C00680397 /* Utils */,
				6D20B4962BBBFAF400680397 /* AppDelegate.swift */,
				6D20B4982BBBFAF400680397 /* SceneDelegate.swift */,
				6D20B49C2BBBFAF400680397 /* Main.storyboard */,
				6D20B49F2BBBFAF500680397 /* Assets.xcassets */,
				6D20B4A12BBBFAF500680397 /* LaunchScreen.storyboard */,
				6D20B4A42BBBFAF500680397 /* Info.plist */,
			);
			path = SirmaTask;
			sourceTree = "<group>";
		};
		6D20B4AA2BBBFB1B00680397 /* View Controllers */ = {
			isa = PBXGroup;
			children = (
				6D20B4AF2BBC07E300680397 /* Datagrid */,
				6D20B4AB2BBBFB2600680397 /* Initial */,
			);
			path = "View Controllers";
			sourceTree = "<group>";
		};
		6D20B4AB2BBBFB2600680397 /* Initial */ = {
			isa = PBXGroup;
			children = (
				6D20B4AC2BBBFB5D00680397 /* InitialViewController.swift */,
				6D20B4B02BBC095000680397 /* InitialViewController+DocumentPicker.swift */,
				6D20B4BE2BBC2A2C00680397 /* InitialViewModel.swift */,
			);
			path = Initial;
			sourceTree = "<group>";
		};
		6D20B4AF2BBC07E300680397 /* Datagrid */ = {
			isa = PBXGroup;
			children = (
				6D20B49A2BBBFAF400680397 /* DatagridTableViewController.swift */,
				6D20B4C22BBC53C200680397 /* DatagridViewModel.swift */,
				6D20B4C42BBC575C00680397 /* DataGridTableViewCell.swift */,
			);
			path = Datagrid;
			sourceTree = "<group>";
		};
		6D20B4B62BBC227400680397 /* Models */ = {
			isa = PBXGroup;
			children = (
				6D20B4B72BBC228400680397 /* DataItem.swift */,
				6D20B4CA2BBC648800680397 /* ProcessedDataItem.swift */,
			);
			path = Models;
			sourceTree = "<group>";
		};
		6D20B4BB2BBC242C00680397 /* Utils */ = {
			isa = PBXGroup;
			children = (
				6D20B4B42BBC1EDB00680397 /* Errors.swift */,
				6D20B4B22BBC1BB000680397 /* String+CSV.swift */,
				6D20B4B92BBC237400680397 /* String+Trim.swift */,
				6D20B4BC2BBC29D100680397 /* Date+String.swift */,
				6D20B4C02BBC4FDC00680397 /* Substring+Cast.swift */,
				6D20B4C62BBC5A2D00680397 /* CSVProtocol.swift */,
				6D20B4C82BBC5BCD00680397 /* DateFormatterMultiple.swift */,
			);
			path = Utils;
			sourceTree = "<group>";
		};
/* End PBXGroup section */

/* Begin PBXNativeTarget section */
		6D20B4922BBBFAF400680397 /* SirmaTask */ = {
			isa = PBXNativeTarget;
			buildConfigurationList = 6D20B4A72BBBFAF500680397 /* Build configuration list for PBXNativeTarget "SirmaTask" */;
			buildPhases = (
				6D20B48F2BBBFAF400680397 /* Sources */,
				6D20B4902BBBFAF400680397 /* Frameworks */,
				6D20B4912BBBFAF400680397 /* Resources */,
			);
			buildRules = (
			);
			dependencies = (
			);
			name = SirmaTask;
			productName = SirmaTask;
			productReference = 6D20B4932BBBFAF400680397 /* SirmaTask.app */;
			productType = "com.apple.product-type.application";
		};
/* End PBXNativeTarget section */

/* Begin PBXProject section */
		6D20B48B2BBBFAF400680397 /* Project object */ = {
			isa = PBXProject;
			attributes = {
				BuildIndependentTargetsInParallel = 1;
				LastSwiftUpdateCheck = 1530;
				LastUpgradeCheck = 1530;
				TargetAttributes = {
					6D20B4922BBBFAF400680397 = {
						CreatedOnToolsVersion = 15.3;
					};
				};
			};
			buildConfigurationList = 6D20B48E2BBBFAF400680397 /* Build configuration list for PBXProject "SirmaTask" */;
			compatibilityVersion = "Xcode 14.0";
			developmentRegion = en;
			hasScannedForEncodings = 0;
			knownRegions = (
				en,
				Base,
			);
			mainGroup = 6D20B48A2BBBFAF400680397;
			productRefGroup = 6D20B4942BBBFAF400680397 /* Products */;
			projectDirPath = "";
			projectRoot = "";
			targets = (
				6D20B4922BBBFAF400680397 /* SirmaTask */,
			);
		};
/* End PBXProject section */

/* Begin PBXResourcesBuildPhase section */
		6D20B4912BBBFAF400680397 /* Resources */ = {
			isa = PBXResourcesBuildPhase;
			buildActionMask = 2147483647;
			files = (
				6D20B4A02BBBFAF500680397 /* Assets.xcassets in Resources */,
				6D20B4A32BBBFAF500680397 /* Base in Resources */,
				6D20B49E2BBBFAF400680397 /* Base in Resources */,
			);
			runOnlyForDeploymentPostprocessing = 0;
		};
/* End PBXResourcesBuildPhase section */

/* Begin PBXSourcesBuildPhase section */
		6D20B48F2BBBFAF400680397 /* Sources */ = {
			isa = PBXSourcesBuildPhase;
			buildActionMask = 2147483647;
			files = (
				6D20B4CB2BBC648800680397 /* ProcessedDataItem.swift in Sources */,
				6D20B4B12BBC095000680397 /* InitialViewController+DocumentPicker.swift in Sources */,
				6D20B4B32BBC1BB000680397 /* String+CSV.swift in Sources */,
				6D20B4C92BBC5BCD00680397 /* DateFormatterMultiple.swift in Sources */,
				6D20B4C32BBC53C200680397 /* DatagridViewModel.swift in Sources */,
				6D20B4BA2BBC237400680397 /* String+Trim.swift in Sources */,
				6D20B4B82BBC228400680397 /* DataItem.swift in Sources */,
				6D20B49B2BBBFAF400680397 /* DatagridTableViewController.swift in Sources */,
				6D20B4C72BBC5A2D00680397 /* CSVProtocol.swift in Sources */,
				6D20B4972BBBFAF400680397 /* AppDelegate.swift in Sources */,
				6D20B4C52BBC575C00680397 /* DataGridTableViewCell.swift in Sources */,
				6D20B4AD2BBBFB5D00680397 /* InitialViewController.swift in Sources */,
				6D20B4BF2BBC2A2C00680397 /* InitialViewModel.swift in Sources */,
				6D20B4992BBBFAF400680397 /* SceneDelegate.swift in Sources */,
				6D20B4BD2BBC29D100680397 /* Date+String.swift in Sources */,
				6D20B4C12BBC4FDC00680397 /* Substring+Cast.swift in Sources */,
				6D20B4B52BBC1EDB00680397 /* Errors.swift in Sources */,
			);
			runOnlyForDeploymentPostprocessing = 0;
		};
/* End PBXSourcesBuildPhase section */

/* Begin PBXVariantGroup section */
		6D20B49C2BBBFAF400680397 /* Main.storyboard */ = {
			isa = PBXVariantGroup;
			children = (
				6D20B49D2BBBFAF400680397 /* Base */,
			);
			name = Main.storyboard;
			sourceTree = "<group>";
		};
		6D20B4A12BBBFAF500680397 /* LaunchScreen.storyboard */ = {
			isa = PBXVariantGroup;
			children = (
				6D20B4A22BBBFAF500680397 /* Base */,
			);
			name = LaunchScreen.storyboard;
			sourceTree = "<group>";
		};
/* End PBXVariantGroup section */

/* Begin XCBuildConfiguration section */
		6D20B4A52BBBFAF500680397 /* Debug */ = {
			isa = XCBuildConfiguration;
			buildSettings = {
				ALWAYS_SEARCH_USER_PATHS = NO;
				ASSETCATALOG_COMPILER_GENERATE_SWIFT_ASSET_SYMBOL_EXTENSIONS = YES;
				CLANG_ANALYZER_NONNULL = YES;
				CLANG_ANALYZER_NUMBER_OBJECT_CONVERSION = YES_AGGRESSIVE;
				CLANG_CXX_LANGUAGE_STANDARD = "gnu++20";
				CLANG_ENABLE_MODULES = YES;
				CLANG_ENABLE_OBJC_ARC = YES;
				CLANG_ENABLE_OBJC_WEAK = YES;
				CLANG_WARN_BLOCK_CAPTURE_AUTORELEASING = YES;
				CLANG_WARN_BOOL_CONVERSION = YES;
				CLANG_WARN_COMMA = YES;
				CLANG_WARN_CONSTANT_CONVERSION = YES;
				CLANG_WARN_DEPRECATED_OBJC_IMPLEMENTATIONS = YES;
				CLANG_WARN_DIRECT_OBJC_ISA_USAGE = YES_ERROR;
				CLANG_WARN_DOCUMENTATION_COMMENTS = YES;
				CLANG_WARN_EMPTY_BODY = YES;
				CLANG_WARN_ENUM_CONVERSION = YES;
				CLANG_WARN_INFINITE_RECURSION = YES;
				CLANG_WARN_INT_CONVERSION = YES;
				CLANG_WARN_NON_LITERAL_NULL_CONVERSION = YES;
				CLANG_WARN_OBJC_IMPLICIT_RETAIN_SELF = YES;
				CLANG_WARN_OBJC_LITERAL_CONVERSION = YES;
				CLANG_WARN_OBJC_ROOT_CLASS = YES_ERROR;
				CLANG_WARN_QUOTED_INCLUDE_IN_FRAMEWORK_HEADER = YES;
				CLANG_WARN_RANGE_LOOP_ANALYSIS = YES;
				CLANG_WARN_STRICT_PROTOTYPES = YES;
				CLANG_WARN_SUSPICIOUS_MOVE = YES;
				CLANG_WARN_UNGUARDED_AVAILABILITY = YES_AGGRESSIVE;
				CLANG_WARN_UNREACHABLE_CODE = YES;
				CLANG_WARN__DUPLICATE_METHOD_MATCH = YES;
				COPY_PHASE_STRIP = NO;
				DEBUG_INFORMATION_FORMAT = dwarf;
				ENABLE_STRICT_OBJC_MSGSEND = YES;
				ENABLE_TESTABILITY = YES;
				ENABLE_USER_SCRIPT_SANDBOXING = YES;
				GCC_C_LANGUAGE_STANDARD = gnu17;
				GCC_DYNAMIC_NO_PIC = NO;
				GCC_NO_COMMON_BLOCKS = YES;
				GCC_OPTIMIZATION_LEVEL = 0;
				GCC_PREPROCESSOR_DEFINITIONS = (
					"DEBUG=1",
					"$(inherited)",
				);
				GCC_WARN_64_TO_32_BIT_CONVERSION = YES;
				GCC_WARN_ABOUT_RETURN_TYPE = YES_ERROR;
				GCC_WARN_UNDECLARED_SELECTOR = YES;
				GCC_WARN_UNINITIALIZED_AUTOS = YES_AGGRESSIVE;
				GCC_WARN_UNUSED_FUNCTION = YES;
				GCC_WARN_UNUSED_VARIABLE = YES;
				IPHONEOS_DEPLOYMENT_TARGET = 17.4;
				LOCALIZATION_PREFERS_STRING_CATALOGS = YES;
				MTL_ENABLE_DEBUG_INFO = INCLUDE_SOURCE;
				MTL_FAST_MATH = YES;
				ONLY_ACTIVE_ARCH = YES;
				SDKROOT = iphoneos;
				SWIFT_ACTIVE_COMPILATION_CONDITIONS = "DEBUG $(inherited)";
				SWIFT_OPTIMIZATION_LEVEL = "-Onone";
			};
			name = Debug;
		};
		6D20B4A62BBBFAF500680397 /* Release */ = {
			isa = XCBuildConfiguration;
			buildSettings = {
				ALWAYS_SEARCH_USER_PATHS = NO;
				ASSETCATALOG_COMPILER_GENERATE_SWIFT_ASSET_SYMBOL_EXTENSIONS = YES;
				CLANG_ANALYZER_NONNULL = YES;
				CLANG_ANALYZER_NUMBER_OBJECT_CONVERSION = YES_AGGRESSIVE;
				CLANG_CXX_LANGUAGE_STANDARD = "gnu++20";
				CLANG_ENABLE_MODULES = YES;
				CLANG_ENABLE_OBJC_ARC = YES;
				CLANG_ENABLE_OBJC_WEAK = YES;
				CLANG_WARN_BLOCK_CAPTURE_AUTORELEASING = YES;
				CLANG_WARN_BOOL_CONVERSION = YES;
				CLANG_WARN_COMMA = YES;
				CLANG_WARN_CONSTANT_CONVERSION = YES;
				CLANG_WARN_DEPRECATED_OBJC_IMPLEMENTATIONS = YES;
				CLANG_WARN_DIRECT_OBJC_ISA_USAGE = YES_ERROR;
				CLANG_WARN_DOCUMENTATION_COMMENTS = YES;
				CLANG_WARN_EMPTY_BODY = YES;
				CLANG_WARN_ENUM_CONVERSION = YES;
				CLANG_WARN_INFINITE_RECURSION = YES;
				CLANG_WARN_INT_CONVERSION = YES;
				CLANG_WARN_NON_LITERAL_NULL_CONVERSION = YES;
				CLANG_WARN_OBJC_IMPLICIT_RETAIN_SELF = YES;
				CLANG_WARN_OBJC_LITERAL_CONVERSION = YES;
				CLANG_WARN_OBJC_ROOT_CLASS = YES_ERROR;
				CLANG_WARN_QUOTED_INCLUDE_IN_FRAMEWORK_HEADER = YES;
				CLANG_WARN_RANGE_LOOP_ANALYSIS = YES;
				CLANG_WARN_STRICT_PROTOTYPES = YES;
				CLANG_WARN_SUSPICIOUS_MOVE = YES;
				CLANG_WARN_UNGUARDED_AVAILABILITY = YES_AGGRESSIVE;
				CLANG_WARN_UNREACHABLE_CODE = YES;
				CLANG_WARN__DUPLICATE_METHOD_MATCH = YES;
				COPY_PHASE_STRIP = NO;
				DEBUG_INFORMATION_FORMAT = "dwarf-with-dsym";
				ENABLE_NS_ASSERTIONS = NO;
				ENABLE_STRICT_OBJC_MSGSEND = YES;
				ENABLE_USER_SCRIPT_SANDBOXING = YES;
				GCC_C_LANGUAGE_STANDARD = gnu17;
				GCC_NO_COMMON_BLOCKS = YES;
				GCC_WARN_64_TO_32_BIT_CONVERSION = YES;
				GCC_WARN_ABOUT_RETURN_TYPE = YES_ERROR;
				GCC_WARN_UNDECLARED_SELECTOR = YES;
				GCC_WARN_UNINITIALIZED_AUTOS = YES_AGGRESSIVE;
				GCC_WARN_UNUSED_FUNCTION = YES;
				GCC_WARN_UNUSED_VARIABLE = YES;
				IPHONEOS_DEPLOYMENT_TARGET = 17.4;
				LOCALIZATION_PREFERS_STRING_CATALOGS = YES;
				MTL_ENABLE_DEBUG_INFO = NO;
				MTL_FAST_MATH = YES;
				SDKROOT = iphoneos;
				SWIFT_COMPILATION_MODE = wholemodule;
				VALIDATE_PRODUCT = YES;
			};
			name = Release;
		};
		6D20B4A82BBBFAF500680397 /* Debug */ = {
			isa = XCBuildConfiguration;
			buildSettings = {
				ASSETCATALOG_COMPILER_APPICON_NAME = AppIcon;
				ASSETCATALOG_COMPILER_GLOBAL_ACCENT_COLOR_NAME = AccentColor;
				CODE_SIGN_STYLE = Automatic;
				CURRENT_PROJECT_VERSION = 1;
				GENERATE_INFOPLIST_FILE = YES;
				INFOPLIST_FILE = SirmaTask/Info.plist;
				INFOPLIST_KEY_UIApplicationSupportsIndirectInputEvents = YES;
				INFOPLIST_KEY_UILaunchStoryboardName = LaunchScreen.storyboard;
				INFOPLIST_KEY_UIMainStoryboardFile = Main;
				INFOPLIST_KEY_UISupportedInterfaceOrientations_iPad = "UIInterfaceOrientationPortrait UIInterfaceOrientationPortraitUpsideDown UIInterfaceOrientationLandscapeLeft UIInterfaceOrientationLandscapeRight";
				INFOPLIST_KEY_UISupportedInterfaceOrientations_iPhone = "UIInterfaceOrientationPortrait UIInterfaceOrientationLandscapeLeft UIInterfaceOrientationLandscapeRight";
				LD_RUNPATH_SEARCH_PATHS = (
					"$(inherited)",
					"@executable_path/Frameworks",
				);
				MARKETING_VERSION = 1.0;
				PRODUCT_BUNDLE_IDENTIFIER = bg.apps.SirmaTask;
				PRODUCT_NAME = "$(TARGET_NAME)";
				SUPPORTED_PLATFORMS = "iphoneos iphonesimulator";
				SUPPORTS_MACCATALYST = NO;
				SUPPORTS_MAC_DESIGNED_FOR_IPHONE_IPAD = NO;
				SUPPORTS_XR_DESIGNED_FOR_IPHONE_IPAD = NO;
				SWIFT_EMIT_LOC_STRINGS = YES;
				SWIFT_VERSION = 5.0;
				TARGETED_DEVICE_FAMILY = 1;
			};
			name = Debug;
		};
		6D20B4A92BBBFAF500680397 /* Release */ = {
			isa = XCBuildConfiguration;
			buildSettings = {
				ASSETCATALOG_COMPILER_APPICON_NAME = AppIcon;
				ASSETCATALOG_COMPILER_GLOBAL_ACCENT_COLOR_NAME = AccentColor;
				CODE_SIGN_STYLE = Automatic;
				CURRENT_PROJECT_VERSION = 1;
				GENERATE_INFOPLIST_FILE = YES;
				INFOPLIST_FILE = SirmaTask/Info.plist;
				INFOPLIST_KEY_UIApplicationSupportsIndirectInputEvents = YES;
				INFOPLIST_KEY_UILaunchStoryboardName = LaunchScreen.storyboard;
				INFOPLIST_KEY_UIMainStoryboardFile = Main;
				INFOPLIST_KEY_UISupportedInterfaceOrientations_iPad = "UIInterfaceOrientationPortrait UIInterfaceOrientationPortraitUpsideDown UIInterfaceOrientationLandscapeLeft UIInterfaceOrientationLandscapeRight";
				INFOPLIST_KEY_UISupportedInterfaceOrientations_iPhone = "UIInterfaceOrientationPortrait UIInterfaceOrientationLandscapeLeft UIInterfaceOrientationLandscapeRight";
				LD_RUNPATH_SEARCH_PATHS = (
					"$(inherited)",
					"@executable_path/Frameworks",
				);
				MARKETING_VERSION = 1.0;
				PRODUCT_BUNDLE_IDENTIFIER = bg.apps.SirmaTask;
				PRODUCT_NAME = "$(TARGET_NAME)";
				SUPPORTED_PLATFORMS = "iphoneos iphonesimulator";
				SUPPORTS_MACCATALYST = NO;
				SUPPORTS_MAC_DESIGNED_FOR_IPHONE_IPAD = NO;
				SUPPORTS_XR_DESIGNED_FOR_IPHONE_IPAD = NO;
				SWIFT_EMIT_LOC_STRINGS = YES;
				SWIFT_VERSION = 5.0;
				TARGETED_DEVICE_FAMILY = 1;
			};
			name = Release;
		};
/* End XCBuildConfiguration section */

/* Begin XCConfigurationList section */
		6D20B48E2BBBFAF400680397 /* Build configuration list for PBXProject "SirmaTask" */ = {
			isa = XCConfigurationList;
			buildConfigurations = (
				6D20B4A52BBBFAF500680397 /* Debug */,
				6D20B4A62BBBFAF500680397 /* Release */,
			);
			defaultConfigurationIsVisible = 0;
			defaultConfigurationName = Release;
		};
		6D20B4A72BBBFAF500680397 /* Build configuration list for PBXNativeTarget "SirmaTask" */ = {
			isa = XCConfigurationList;
			buildConfigurations = (
				6D20B4A82BBBFAF500680397 /* Debug */,
				6D20B4A92BBBFAF500680397 /* Release */,
			);
			defaultConfigurationIsVisible = 0;
			defaultConfigurationName = Release;
		};
/* End XCConfigurationList section */
	};
	rootObject = 6D20B48B2BBBFAF400680397 /* Project object */;
}
